{
  "lockfileVersion": 1,
  "dependencies": {
    "@types/core-js": {
      "version": "0.9.42",
      "resolved": "https://registry.npmjs.org/@types/core-js/-/core-js-0.9.42.tgz",
      "integrity": "sha512-AiEZz42jF2f4nkcJ2OhKWxIbXU62pEHmFoaGoGo83seUzDEncxEZtBPX2i2DLUpcVpaVVxAsqAAZzTyrV0A/RQ==",
      "dev": true
    }
  }
}
