
Microsoft Visual Studio Solution File, Format Version 12.00
# Visual Studio 15
VisualStudioVersion = 15.0.26430.14
MinimumVisualStudioVersion = 10.0.40219.1
Project("{FAE04EC0-301F-11D3-BF4B-00C04F79EFBC}") = "Portfolio", "Portfolio\Portfolio.csproj", "{335848C2-0050-43C8-A6B0-CD9FD1CE3D1C}"
EndProject
Project("{FAE04EC0-301F-11D3-BF4B-00C04F79EFBC}") = "MessageManager", "MessageManager\MessageManager.csproj", "{69604E89-28A4-4F5D-866D-52A89C521730}"
EndProject
Global
	GlobalSection(SolutionConfigurationPlatforms) = preSolution
		Debug|Any CPU = Debug|Any CPU
		Release|Any CPU = Release|Any CPU
	EndGlobalSection
	GlobalSection(ProjectConfigurationPlatforms) = postSolution
		{335848C2-0050-43C8-A6B0-CD9FD1CE3D1C}.Debug|Any CPU.ActiveCfg = Debug|Any CPU
		{335848C2-0050-43C8-A6B0-CD9FD1CE3D1C}.Debug|Any CPU.Build.0 = Debug|Any CPU
		{335848C2-0050-43C8-A6B0-CD9FD1CE3D1C}.Release|Any CPU.ActiveCfg = Release|Any CPU
		{335848C2-0050-43C8-A6B0-CD9FD1CE3D1C}.Release|Any CPU.Build.0 = Release|Any CPU
		{69604E89-28A4-4F5D-866D-52A89C521730}.Debug|Any CPU.ActiveCfg = Debug|Any CPU
		{69604E89-28A4-4F5D-866D-52A89C521730}.Debug|Any CPU.Build.0 = Debug|Any CPU
		{69604E89-28A4-4F5D-866D-52A89C521730}.Release|Any CPU.ActiveCfg = Release|Any CPU
		{69604E89-28A4-4F5D-866D-52A89C521730}.Release|Any CPU.Build.0 = Release|Any CPU
	EndGlobalSection
	GlobalSection(SolutionProperties) = preSolution
		HideSolutionNode = FALSE
	EndGlobalSection
EndGlobal
